
Microsoft Visual Studio Solution File, Format Version 12.00
# Visual Studio Version 17
VisualStudioVersion = 17.14.37012.4 d17.14
MinimumVisualStudioVersion = 10.0.40219.1
Project("{FAE04EC0-301F-11D3-BF4B-00C04F79EFBC}") = "TotoAnalyzerProject", "TotoAnalyzerProject\TotoAnalyzerProject.csproj", "{29B7263F-2979-4B5F-AB4F-EAC15DACEF7A}"
EndProject
Global
	GlobalSection(SolutionConfigurationPlatforms) = preSolution
		Debug|Any CPU = Debug|Any CPU
		Release|Any CPU = Release|Any CPU
	EndGlobalSection
	GlobalSection(ProjectConfigurationPlatforms) = postSolution
		{29B7263F-2979-4B5F-AB4F-EAC15DACEF7A}.Debug|Any CPU.ActiveCfg = Debug|Any CPU
		{29B7263F-2979-4B5F-AB4F-EAC15DACEF7A}.Debug|Any CPU.Build.0 = Debug|Any CPU
		{29B7263F-2979-4B5F-AB4F-EAC15DACEF7A}.Release|Any CPU.ActiveCfg = Release|Any CPU
		{29B7263F-2979-4B5F-AB4F-EAC15DACEF7A}.Release|Any CPU.Build.0 = Release|Any CPU
	EndGlobalSection
	GlobalSection(SolutionProperties) = preSolution
		HideSolutionNode = FALSE
	EndGlobalSection
	GlobalSection(ExtensibilityGlobals) = postSolution
		SolutionGuid = {29912128-6B68-4464-BC44-016C84C27364}
	EndGlobalSection
EndGlobal
